
Microsoft Visual Studio Solution File, Format Version 12.00
# Visual Studio Version 17
VisualStudioVersion = 17.4.33027.239
MinimumVisualStudioVersion = 10.0.40219.1
Project("{FAE04EC0-301F-11D3-BF4B-00C04F79EFBC}") = "WindowsFormsAppLesson2_1M", "WindowsFormsAppLesson2_1M\WindowsFormsAppLesson2_1M.csproj", "{20258A67-3E49-4A41-9B69-56FA26147040}"
EndProject
Global
	GlobalSection(SolutionConfigurationPlatforms) = preSolution
		Debug|Any CPU = Debug|Any CPU
		Release|Any CPU = Release|Any CPU
	EndGlobalSection
	GlobalSection(ProjectConfigurationPlatforms) = postSolution
		{20258A67-3E49-4A41-9B69-56FA26147040}.Debug|Any CPU.ActiveCfg = Debug|Any CPU
		{20258A67-3E49-4A41-9B69-56FA26147040}.Debug|Any CPU.Build.0 = Debug|Any CPU
		{20258A67-3E49-4A41-9B69-56FA26147040}.Release|Any CPU.ActiveCfg = Release|Any CPU
		{20258A67-3E49-4A41-9B69-56FA26147040}.Release|Any CPU.Build.0 = Release|Any CPU
	EndGlobalSection
	GlobalSection(SolutionProperties) = preSolution
		HideSolutionNode = FALSE
	EndGlobalSection
	GlobalSection(ExtensibilityGlobals) = postSolution
		SolutionGuid = {76E0B771-37CE-45E9-BF34-2965369FAC07}
	EndGlobalSection
EndGlobal
